
Microsoft Visual Studio Solution File, Format Version 9.00
# Visual Studio 2005
Project("{8BC9CEB8-8B4A-11D0-8D11-00A0C91BC942}") = "preploc", "preploc.vcproj", "{FEABDB38-6566-4D87-ACFB-4B21A35F242D}"
EndProject
Global
	GlobalSection(SolutionConfigurationPlatforms) = preSolution
		Debug|Win32 = Debug|Win32
		Release|Win32 = Release|Win32
	EndGlobalSection
	GlobalSection(ProjectConfigurationPlatforms) = postSolution
		{FEABDB38-6566-4D87-ACFB-4B21A35F242D}.Debug|Win32.ActiveCfg = Debug|Win32
		{FEABDB38-6566-4D87-ACFB-4B21A35F242D}.Debug|Win32.Build.0 = Debug|Win32
		{FEABDB38-6566-4D87-ACFB-4B21A35F242D}.Release|Win32.ActiveCfg = Release|Win32
		{FEABDB38-6566-4D87-ACFB-4B21A35F242D}.Release|Win32.Build.0 = Release|Win32
	EndGlobalSection
	GlobalSection(SolutionProperties) = preSolution
		HideSolutionNode = FALSE
	EndGlobalSection
EndGlobal
