<?xml version="1.0" encoding="utf-8"?>
<Project ToolsVersion="4.0" xmlns="http://schemas.microsoft.com/developer/msbuild/2003">
  <ItemGroup>
    <Filter Include="Source Files">
      <UniqueIdentifier>{4FC737F1-C7A5-4376-A066-2A32D752A2FF}</UniqueIdentifier>
      <Extensions>cpp;c;cxx;def;odl;idl;hpj;bat;asm;asmx</Extensions>
    </Filter>
    <Filter Include="Header Files">
      <UniqueIdentifier>{93995380-89BD-4b04-88EB-625FBE52EBFB}</UniqueIdentifier>
      <Extensions>h;hpp;hxx;hm;inl;inc;xsd</Extensions>
    </Filter>
    <Filter Include="Resource Files">
      <UniqueIdentifier>{67DA6AB6-F800-4c08-8B7A-83BB121AAD01}</UniqueIdentifier>
      <Extensions>rc;ico;cur;bmp;dlg;rc2;rct;bin;rgs;gif;jpg;jpeg;jpe;resx</Extensions>
    </Filter>
  </ItemGroup>
  <ItemGroup>
    <ClCompile Include="html\HTMLCODES.CPP">
      <Filter>Source Files</Filter>
    </ClCompile>
    <ClCompile Include="html\htmlviewer.cpp">
      <Filter>Source Files</Filter>
    </ClCompile>
    <ClCompile Include="RenderData.cpp">
      <Filter>Source Files</Filter>
    </ClCompile>
    <ClCompile Include="XUIBox.cpp">
      <Filter>Source Files</Filter>
    </ClCompile>
    <ClCompile Include="XUIButton.cpp">
      <Filter>Source Files</Filter>
    </ClCompile>
    <ClCompile Include="XUICheckbox.cpp">
      <Filter>Source Files</Filter>
    </ClCompile>
    <ClCompile Include="XUICheckItem.cpp">
      <Filter>Source Files</Filter>
    </ClCompile>
    <ClCompile Include="XUIChecksList.cpp">
      <Filter>Source Files</Filter>
    </ClCompile>
    <ClCompile Include="XUIColor.cpp">
      <Filter>Source Files</Filter>
    </ClCompile>
    <ClCompile Include="XUIComboBox.cpp">
      <Filter>Source Files</Filter>
    </ClCompile>
    <ClCompile Include="XUIComboItem.cpp">
      <Filter>Source Files</Filter>
    </ClCompile>
    <ClCompile Include="XUIContextHelp.cpp">
      <Filter>Source Files</Filter>
    </ClCompile>
    <ClCompile Include="XUIDatePicker.cpp">
      <Filter>Source Files</Filter>
    </ClCompile>
    <ClCompile Include="XUIDialog.cpp">
      <Filter>Source Files</Filter>
    </ClCompile>
    <ClCompile Include="XUIDisabler.cpp">
      <Filter>Source Files</Filter>
    </ClCompile>
    <ClCompile Include="XUIElement.cpp">
      <Filter>Source Files</Filter>
    </ClCompile>
    <ClCompile Include="XUIEngine.cpp">
      <Filter>Source Files</Filter>
    </ClCompile>
    <ClCompile Include="XUIExt.cpp">
      <Filter>Source Files</Filter>
    </ClCompile>
    <ClCompile Include="XUIFreeDraw.cpp">
      <Filter>Source Files</Filter>
    </ClCompile>
    <ClCompile Include="XUIGroupbox.cpp">
      <Filter>Source Files</Filter>
    </ClCompile>
    <ClCompile Include="XUIHotkey.cpp">
      <Filter>Source Files</Filter>
    </ClCompile>
    <ClCompile Include="XUILabel.cpp">
      <Filter>Source Files</Filter>
    </ClCompile>
    <ClCompile Include="XUILine.cpp">
      <Filter>Source Files</Filter>
    </ClCompile>
    <ClCompile Include="XUIList.cpp">
      <Filter>Source Files</Filter>
    </ClCompile>
    <ClCompile Include="XUIListBox.cpp">
      <Filter>Source Files</Filter>
    </ClCompile>
    <ClCompile Include="XUIListCol.cpp">
      <Filter>Source Files</Filter>
    </ClCompile>
    <ClCompile Include="XUIMenuBar.cpp">
      <Filter>Source Files</Filter>
    </ClCompile>
    <ClCompile Include="XUIMenuItem.cpp">
      <Filter>Source Files</Filter>
    </ClCompile>
    <ClCompile Include="XUIMenuPopup.cpp">
      <Filter>Source Files</Filter>
    </ClCompile>
    <ClCompile Include="XUIMenuSeparator.cpp">
      <Filter>Source Files</Filter>
    </ClCompile>
    <ClCompile Include="XUIOpenHelp.cpp">
      <Filter>Source Files</Filter>
    </ClCompile>
    <ClCompile Include="XUIPicture.cpp">
      <Filter>Source Files</Filter>
    </ClCompile>
    <ClCompile Include="XUIProgress.cpp">
      <Filter>Source Files</Filter>
    </ClCompile>
    <ClCompile Include="XUIRadio.cpp">
      <Filter>Source Files</Filter>
    </ClCompile>
    <ClCompile Include="XUIRadioGroup.cpp">
      <Filter>Source Files</Filter>
    </ClCompile>
    <ClCompile Include="XUIRTF.cpp">
      <Filter>Source Files</Filter>
    </ClCompile>
    <ClCompile Include="XUISelectFile.cpp">
      <Filter>Source Files</Filter>
    </ClCompile>
    <ClCompile Include="XUISelectFolder.cpp">
      <Filter>Source Files</Filter>
    </ClCompile>
    <ClCompile Include="XUISendCMD.cpp">
      <Filter>Source Files</Filter>
    </ClCompile>
    <ClCompile Include="XUISlider.cpp">
      <Filter>Source Files</Filter>
    </ClCompile>
    <ClCompile Include="XUISpacer.cpp">
      <Filter>Source Files</Filter>
    </ClCompile>
    <ClCompile Include="XUISpin.cpp">
      <Filter>Source Files</Filter>
    </ClCompile>
    <ClCompile Include="XUISplitter.cpp">
      <Filter>Source Files</Filter>
    </ClCompile>
    <ClCompile Include="XUIStatusBar.cpp">
      <Filter>Source Files</Filter>
    </ClCompile>
    <ClCompile Include="XUITab.cpp">
      <Filter>Source Files</Filter>
    </ClCompile>
    <ClCompile Include="XUITabBox.cpp">
      <Filter>Source Files</Filter>
    </ClCompile>
    <ClCompile Include="XUITabPanel.cpp">
      <Filter>Source Files</Filter>
    </ClCompile>
    <ClCompile Include="XUITabSwitcher.cpp">
      <Filter>Source Files</Filter>
    </ClCompile>
    <ClCompile Include="XUITextBox.cpp">
      <Filter>Source Files</Filter>
    </ClCompile>
    <ClCompile Include="XUIToolbar.cpp">
      <Filter>Source Files</Filter>
    </ClCompile>
    <ClCompile Include="XUIUrl.cpp">
      <Filter>Source Files</Filter>
    </ClCompile>
    <ClCompile Include="xuiwindow.cpp">
      <Filter>Source Files</Filter>
    </ClCompile>
  </ItemGroup>
  <ItemGroup>
    <ClInclude Include="html\HTMLCODES.h">
      <Filter>Header Files</Filter>
    </ClInclude>
    <ClInclude Include="html\htmlviewer.h">
      <Filter>Header Files</Filter>
    </ClInclude>
    <ClInclude Include="RenderData.h">
      <Filter>Header Files</Filter>
    </ClInclude>
    <ClInclude Include="XUIBox.h">
      <Filter>Header Files</Filter>
    </ClInclude>
    <ClInclude Include="XUIButton.h">
      <Filter>Header Files</Filter>
    </ClInclude>
    <ClInclude Include="XUICheckbox.h">
      <Filter>Header Files</Filter>
    </ClInclude>
    <ClInclude Include="XUICheckItem.h">
      <Filter>Header Files</Filter>
    </ClInclude>
    <ClInclude Include="XUIChecksList.h">
      <Filter>Header Files</Filter>
    </ClInclude>
    <ClInclude Include="XUIColor.h">
      <Filter>Header Files</Filter>
    </ClInclude>
    <ClInclude Include="XUIComboBox.h">
      <Filter>Header Files</Filter>
    </ClInclude>
    <ClInclude Include="XUIComboItem.h">
      <Filter>Header Files</Filter>
    </ClInclude>
    <ClInclude Include="XUIContextHelp.h">
      <Filter>Header Files</Filter>
    </ClInclude>
    <ClInclude Include="XUIDatePicker.h">
      <Filter>Header Files</Filter>
    </ClInclude>
    <ClInclude Include="XUIDialog.h">
      <Filter>Header Files</Filter>
    </ClInclude>
    <ClInclude Include="XUIDisabler.h">
      <Filter>Header Files</Filter>
    </ClInclude>
    <ClInclude Include="XUIElement.h">
      <Filter>Header Files</Filter>
    </ClInclude>
    <ClInclude Include="XUIEngine.h">
      <Filter>Header Files</Filter>
    </ClInclude>
    <ClInclude Include="XUIExt.h">
      <Filter>Header Files</Filter>
    </ClInclude>
    <ClInclude Include="XUIFreeDraw.h">
      <Filter>Header Files</Filter>
    </ClInclude>
    <ClInclude Include="XUIGroupbox.h">
      <Filter>Header Files</Filter>
    </ClInclude>
    <ClInclude Include="XUIHotkey.h">
      <Filter>Header Files</Filter>
    </ClInclude>
    <ClInclude Include="XUILabel.h">
      <Filter>Header Files</Filter>
    </ClInclude>
    <ClInclude Include="xuilib.h">
      <Filter>Header Files</Filter>
    </ClInclude>
    <ClInclude Include="XUILine.h">
      <Filter>Header Files</Filter>
    </ClInclude>
    <ClInclude Include="XUIList.h">
      <Filter>Header Files</Filter>
    </ClInclude>
    <ClInclude Include="XUIListBox.h">
      <Filter>Header Files</Filter>
    </ClInclude>
    <ClInclude Include="XUIListCol.h">
      <Filter>Header Files</Filter>
    </ClInclude>
    <ClInclude Include="XUIMenuBar.h">
      <Filter>Header Files</Filter>
    </ClInclude>
    <ClInclude Include="XUIMenuItem.h">
      <Filter>Header Files</Filter>
    </ClInclude>
    <ClInclude Include="XUIMenuPopup.h">
      <Filter>Header Files</Filter>
    </ClInclude>
    <ClInclude Include="XUIMenuSeparator.h">
      <Filter>Header Files</Filter>
    </ClInclude>
    <ClInclude Include="XUIOpenHelp.h">
      <Filter>Header Files</Filter>
    </ClInclude>
    <ClInclude Include="XUIPicture.h">
      <Filter>Header Files</Filter>
    </ClInclude>
    <ClInclude Include="XUIProgress.h">
      <Filter>Header Files</Filter>
    </ClInclude>
    <ClInclude Include="XUIRadio.h">
      <Filter>Header Files</Filter>
    </ClInclude>
    <ClInclude Include="XUIRadioGroup.h">
      <Filter>Header Files</Filter>
    </ClInclude>
    <ClInclude Include="XUIRTF.h">
      <Filter>Header Files</Filter>
    </ClInclude>
    <ClInclude Include="XUISelectFile.h">
      <Filter>Header Files</Filter>
    </ClInclude>
    <ClInclude Include="XUISelectFolder.h">
      <Filter>Header Files</Filter>
    </ClInclude>
    <ClInclude Include="XUISendCMD.h">
      <Filter>Header Files</Filter>
    </ClInclude>
    <ClInclude Include="XUISlider.h">
      <Filter>Header Files</Filter>
    </ClInclude>
    <ClInclude Include="XUISpacer.h">
      <Filter>Header Files</Filter>
    </ClInclude>
    <ClInclude Include="XUISpin.h">
      <Filter>Header Files</Filter>
    </ClInclude>
    <ClInclude Include="XUISplitter.h">
      <Filter>Header Files</Filter>
    </ClInclude>
    <ClInclude Include="XUIStatusBar.h">
      <Filter>Header Files</Filter>
    </ClInclude>
    <ClInclude Include="XUITab.h">
      <Filter>Header Files</Filter>
    </ClInclude>
    <ClInclude Include="XUITabBox.h">
      <Filter>Header Files</Filter>
    </ClInclude>
    <ClInclude Include="XUITabPanel.h">
      <Filter>Header Files</Filter>
    </ClInclude>
    <ClInclude Include="XUITabSwitcher.h">
      <Filter>Header Files</Filter>
    </ClInclude>
    <ClInclude Include="XUITextBox.h">
      <Filter>Header Files</Filter>
    </ClInclude>
    <ClInclude Include="XUIToolbar.h">
      <Filter>Header Files</Filter>
    </ClInclude>
    <ClInclude Include="XUIUrl.h">
      <Filter>Header Files</Filter>
    </ClInclude>
    <ClInclude Include="xuiwindow.h">
      <Filter>Header Files</Filter>
    </ClInclude>
  </ItemGroup>
  <ItemGroup>
    <Text Include="ReadMe.txt" />
  </ItemGroup>
  <ItemGroup>
    <None Include="..\xuilib.dtd" />
  </ItemGroup>
</Project>